
Microsoft Visual Studio Solution File, Format Version 12.00
# Visual Studio Version 16
VisualStudioVersion = 16.0.30523.141
MinimumVisualStudioVersion = 10.0.40219.1
Project("{FAE04EC0-301F-11D3-BF4B-00C04F79EFBC}") = "sarisari", "sarisari\sarisari.csproj", "{B033A8C3-9D5D-4B9C-A72F-73FBF0373EB2}"
EndProject
Global
	GlobalSection(SolutionConfigurationPlatforms) = preSolution
		Debug|Any CPU = Debug|Any CPU
		Release|Any CPU = Release|Any CPU
	EndGlobalSection
	GlobalSection(ProjectConfigurationPlatforms) = postSolution
		{B033A8C3-9D5D-4B9C-A72F-73FBF0373EB2}.Debug|Any CPU.ActiveCfg = Debug|Any CPU
		{B033A8C3-9D5D-4B9C-A72F-73FBF0373EB2}.Debug|Any CPU.Build.0 = Debug|Any CPU
		{B033A8C3-9D5D-4B9C-A72F-73FBF0373EB2}.Release|Any CPU.ActiveCfg = Release|Any CPU
		{B033A8C3-9D5D-4B9C-A72F-73FBF0373EB2}.Release|Any CPU.Build.0 = Release|Any CPU
	EndGlobalSection
	GlobalSection(SolutionProperties) = preSolution
		HideSolutionNode = FALSE
	EndGlobalSection
	GlobalSection(ExtensibilityGlobals) = postSolution
		SolutionGuid = {7A2682B5-F4F8-47E5-9C52-AFF81F65E890}
	EndGlobalSection
EndGlobal
